// !$*UTF8*$!
{
	archiveVersion = 1;
	classes = {
	};
	objectVersion = 77;
	objects = {

/* Begin PBXBuildFile section */
		B003E0010000000000000100 /* OptimizeWidgetBundle.swift in Sources */ = {isa = PBXBuildFile; fileRef = B002E0010000000000000100 /* OptimizeWidgetBundle.swift */; };
		B003E0010000000000000200 /* SharedDataReader.swift in Sources */ = {isa = PBXBuildFile; fileRef = B002E0010000000000000200 /* SharedDataReader.swift */; };
		B003E0010000000000000300 /* OptimizeSavingsWidget.swift in Sources */ = {isa = PBXBuildFile; fileRef = B002E0010000000000000300 /* OptimizeSavingsWidget.swift */; };
		B003E0010000000000000400 /* OptimizeCompactWidget.swift in Sources */ = {isa = PBXBuildFile; fileRef = B002E0010000000000000400 /* OptimizeCompactWidget.swift */; };
		B003E0010000000000000500 /* OptimizeLockScreenWidget.swift in Sources */ = {isa = PBXBuildFile; fileRef = B002E0010000000000000500 /* OptimizeLockScreenWidget.swift */; };
		FA000000000000000000001B /* CompressionLiveActivity.swift in Sources */ = {isa = PBXBuildFile; fileRef = FA000000000000000000001A /* CompressionLiveActivity.swift */; };
		B004E0010000000000000300 /* WidgetKit.framework in Frameworks */ = {isa = PBXBuildFile; fileRef = B004E0010000000000000100 /* WidgetKit.framework */; };
		B004E0010000000000000400 /* SwiftUI.framework in Frameworks */ = {isa = PBXBuildFile; fileRef = B004E0010000000000000200 /* SwiftUI.framework */; };
		B001E0010000000000000200 /* OptimizeWidgetExtension.appex in Embed App Extensions */ = {isa = PBXBuildFile; fileRef = B001E0010000000000000100 /* OptimizeWidgetExtension.appex */; settings = {ATTRIBUTES = (RemoveHeadersOnCopy, ); }; };
/* End PBXBuildFile section */

/* Begin PBXContainerItemProxy section */
		B009E0010000000000000200 /* PBXContainerItemProxy */ = {
			isa = PBXContainerItemProxy;
			containerPortal = A904E2672F03DB0F00B44DBB /* Project object */;
			proxyType = 1;
			remoteGlobalIDString = B007E0010000000000000100;
			remoteInfo = OptimizeWidgetExtension;
		};
/* End PBXContainerItemProxy section */

/* Begin PBXCopyFilesBuildPhase section */
		B00AE0010000000000000100 /* Embed App Extensions */ = {
			isa = PBXCopyFilesBuildPhase;
			buildActionMask = 2147483647;
			dstPath = "";
			dstSubfolderSpec = 13;
			files = (
				B001E0010000000000000200 /* OptimizeWidgetExtension.appex in Embed App Extensions */,
			);
			name = "Embed App Extensions";
			runOnlyForDeploymentPostprocessing = 0;
		};
/* End PBXCopyFilesBuildPhase section */

/* Begin PBXFileReference section */
		A904E26F2F03DB0F00B44DBB /* optimize.app */ = {isa = PBXFileReference; explicitFileType = wrapper.application; includeInIndex = 0; path = optimize.app; sourceTree = BUILT_PRODUCTS_DIR; };
		B001E0010000000000000100 /* OptimizeWidgetExtension.appex */ = {isa = PBXFileReference; explicitFileType = "wrapper.app-extension"; includeInIndex = 0; path = OptimizeWidgetExtension.appex; sourceTree = BUILT_PRODUCTS_DIR; };
		B002E0010000000000000100 /* OptimizeWidgetBundle.swift */ = {isa = PBXFileReference; lastKnownFileType = sourcecode.swift; path = OptimizeWidgetBundle.swift; sourceTree = "<group>"; };
		B002E0010000000000000200 /* SharedDataReader.swift */ = {isa = PBXFileReference; lastKnownFileType = sourcecode.swift; path = SharedDataReader.swift; sourceTree = "<group>"; };
		B002E0010000000000000300 /* OptimizeSavingsWidget.swift */ = {isa = PBXFileReference; lastKnownFileType = sourcecode.swift; path = OptimizeSavingsWidget.swift; sourceTree = "<group>"; };
		B002E0010000000000000400 /* OptimizeCompactWidget.swift */ = {isa = PBXFileReference; lastKnownFileType = sourcecode.swift; path = OptimizeCompactWidget.swift; sourceTree = "<group>"; };
		B002E0010000000000000500 /* OptimizeLockScreenWidget.swift */ = {isa = PBXFileReference; lastKnownFileType = sourcecode.swift; path = OptimizeLockScreenWidget.swift; sourceTree = "<group>"; };
		FA000000000000000000001A /* CompressionLiveActivity.swift */ = {isa = PBXFileReference; lastKnownFileType = sourcecode.swift; path = CompressionLiveActivity.swift; sourceTree = "<group>"; };
		B002E0010000000000000600 /* Info.plist */ = {isa = PBXFileReference; lastKnownFileType = text.plist.xml; path = Info.plist; sourceTree = "<group>"; };
		B002E0010000000000000700 /* OptimizeWidget.entitlements */ = {isa = PBXFileReference; lastKnownFileType = text.plist.entitlements; path = OptimizeWidget.entitlements; sourceTree = "<group>"; };
		B004E0010000000000000100 /* WidgetKit.framework */ = {isa = PBXFileReference; lastKnownFileType = wrapper.framework; name = WidgetKit.framework; path = System/Library/Frameworks/WidgetKit.framework; sourceTree = SDKROOT; };
		B004E0010000000000000200 /* SwiftUI.framework */ = {isa = PBXFileReference; lastKnownFileType = wrapper.framework; name = SwiftUI.framework; path = System/Library/Frameworks/SwiftUI.framework; sourceTree = SDKROOT; };
/* End PBXFileReference section */

/* Begin PBXFileSystemSynchronizedBuildFileExceptionSet section */
		A9296B3F2F06ED070046251F /* Exceptions for "optimize" folder in "optimize" target */ = {
			isa = PBXFileSystemSynchronizedBuildFileExceptionSet;
			membershipExceptions = (
				Info.plist,
			);
			target = A904E26E2F03DB0F00B44DBB /* optimize */;
		};
/* End PBXFileSystemSynchronizedBuildFileExceptionSet section */

/* Begin PBXFileSystemSynchronizedRootGroup section */
		A904E2712F03DB0F00B44DBB /* optimize */ = {
			isa = PBXFileSystemSynchronizedRootGroup;
			exceptions = (
				A9296B3F2F06ED070046251F /* Exceptions for "optimize" folder in "optimize" target */,
			);
			path = optimize;
			sourceTree = "<group>";
		};
/* End PBXFileSystemSynchronizedRootGroup section */

/* Begin PBXFrameworksBuildPhase section */
		A904E26C2F03DB0F00B44DBB /* Frameworks */ = {
			isa = PBXFrameworksBuildPhase;
			buildActionMask = 2147483647;
			files = (
			);
			runOnlyForDeploymentPostprocessing = 0;
		};
		B006E0010000000000000200 /* Frameworks */ = {
			isa = PBXFrameworksBuildPhase;
			buildActionMask = 2147483647;
			files = (
				B004E0010000000000000300 /* WidgetKit.framework in Frameworks */,
				B004E0010000000000000400 /* SwiftUI.framework in Frameworks */,
			);
			runOnlyForDeploymentPostprocessing = 0;
		};
/* End PBXFrameworksBuildPhase section */

/* Begin PBXGroup section */
		A904E2662F03DB0F00B44DBB = {
			isa = PBXGroup;
			children = (
				A904E2712F03DB0F00B44DBB /* optimize */,
				B005E0010000000000000100 /* OptimizeWidget */,
				A904E2702F03DB0F00B44DBB /* Products */,
			);
			sourceTree = "<group>";
		};
		A904E2702F03DB0F00B44DBB /* Products */ = {
			isa = PBXGroup;
			children = (
				A904E26F2F03DB0F00B44DBB /* optimize.app */,
				B001E0010000000000000100 /* OptimizeWidgetExtension.appex */,
			);
			name = Products;
			sourceTree = "<group>";
		};
		B005E0010000000000000100 /* OptimizeWidget */ = {
			isa = PBXGroup;
			children = (
				B002E0010000000000000100 /* OptimizeWidgetBundle.swift */,
				B002E0010000000000000200 /* SharedDataReader.swift */,
				B002E0010000000000000300 /* OptimizeSavingsWidget.swift */,
				B002E0010000000000000400 /* OptimizeCompactWidget.swift */,
				B002E0010000000000000500 /* OptimizeLockScreenWidget.swift */,
				FA000000000000000000001A /* CompressionLiveActivity.swift */,
				B002E0010000000000000600 /* Info.plist */,
				B002E0010000000000000700 /* OptimizeWidget.entitlements */,
			);
			path = OptimizeWidget;
			sourceTree = "<group>";
		};
/* End PBXGroup section */

/* Begin PBXNativeTarget section */
		A904E26E2F03DB0F00B44DBB /* optimize */ = {
			isa = PBXNativeTarget;
			buildConfigurationList = A904E27B2F03DB1000B44DBB /* Build configuration list for PBXNativeTarget "optimize" */;
			buildPhases = (
				A904E26B2F03DB0F00B44DBB /* Sources */,
				A904E26C2F03DB0F00B44DBB /* Frameworks */,
				A904E26D2F03DB0F00B44DBB /* Resources */,
				B00AE0010000000000000100 /* Embed App Extensions */,
			);
			buildRules = (
			);
			dependencies = (
				B009E0010000000000000100 /* PBXTargetDependency */,
			);
			fileSystemSynchronizedGroups = (
				A904E2712F03DB0F00B44DBB /* optimize */,
			);
			name = optimize;
			packageProductDependencies = (
			);
			productName = optimize;
			productReference = A904E26F2F03DB0F00B44DBB /* optimize.app */;
			productType = "com.apple.product-type.application";
		};
		B007E0010000000000000100 /* OptimizeWidgetExtension */ = {
			isa = PBXNativeTarget;
			buildConfigurationList = B008E0010000000000000300 /* Build configuration list for PBXNativeTarget "OptimizeWidgetExtension" */;
			buildPhases = (
				B006E0010000000000000100 /* Sources */,
				B006E0010000000000000200 /* Frameworks */,
				B006E0010000000000000300 /* Resources */,
			);
			buildRules = (
			);
			dependencies = (
			);
			name = OptimizeWidgetExtension;
			productName = OptimizeWidgetExtension;
			productReference = B001E0010000000000000100 /* OptimizeWidgetExtension.appex */;
			productType = "com.apple.product-type.app-extension";
		};
/* End PBXNativeTarget section */

/* Begin PBXProject section */
		A904E2672F03DB0F00B44DBB /* Project object */ = {
			isa = PBXProject;
			attributes = {
				BuildIndependentTargetsInParallel = 1;
				LastSwiftUpdateCheck = 1630;
				LastUpgradeCheck = 2620;
				TargetAttributes = {
					A904E26E2F03DB0F00B44DBB = {
						CreatedOnToolsVersion = 16.3;
					};
					B007E0010000000000000100 = {
						CreatedOnToolsVersion = 16.3;
					};
				};
			};
			buildConfigurationList = A904E26A2F03DB0F00B44DBB /* Build configuration list for PBXProject "optimize" */;
			developmentRegion = en;
			hasScannedForEncodings = 0;
			knownRegions = (
				en,
				Base,
				tr,
			);
			mainGroup = A904E2662F03DB0F00B44DBB;
			minimizedProjectReferenceProxies = 1;
			preferredProjectObjectVersion = 77;
			productRefGroup = A904E2702F03DB0F00B44DBB /* Products */;
			projectDirPath = "";
			projectRoot = "";
			targets = (
				A904E26E2F03DB0F00B44DBB /* optimize */,
				B007E0010000000000000100 /* OptimizeWidgetExtension */,
			);
		};
/* End PBXProject section */

/* Begin PBXResourcesBuildPhase section */
		A904E26D2F03DB0F00B44DBB /* Resources */ = {
			isa = PBXResourcesBuildPhase;
			buildActionMask = 2147483647;
			files = (
			);
			runOnlyForDeploymentPostprocessing = 0;
		};
		B006E0010000000000000300 /* Resources */ = {
			isa = PBXResourcesBuildPhase;
			buildActionMask = 2147483647;
			files = (
			);
			runOnlyForDeploymentPostprocessing = 0;
		};
/* End PBXResourcesBuildPhase section */

/* Begin PBXSourcesBuildPhase section */
		A904E26B2F03DB0F00B44DBB /* Sources */ = {
			isa = PBXSourcesBuildPhase;
			buildActionMask = 2147483647;
			files = (
			);
			runOnlyForDeploymentPostprocessing = 0;
		};
		B006E0010000000000000100 /* Sources */ = {
			isa = PBXSourcesBuildPhase;
			buildActionMask = 2147483647;
			files = (
				B003E0010000000000000100 /* OptimizeWidgetBundle.swift in Sources */,
				B003E0010000000000000200 /* SharedDataReader.swift in Sources */,
				B003E0010000000000000300 /* OptimizeSavingsWidget.swift in Sources */,
				B003E0010000000000000400 /* OptimizeCompactWidget.swift in Sources */,
				B003E0010000000000000500 /* OptimizeLockScreenWidget.swift in Sources */,
				FA000000000000000000001B /* CompressionLiveActivity.swift in Sources */,
			);
			runOnlyForDeploymentPostprocessing = 0;
		};
/* End PBXSourcesBuildPhase section */

/* Begin PBXTargetDependency section */
		B009E0010000000000000100 /* PBXTargetDependency */ = {
			isa = PBXTargetDependency;
			target = B007E0010000000000000100 /* OptimizeWidgetExtension */;
			targetProxy = B009E0010000000000000200 /* PBXContainerItemProxy */;
		};
/* End PBXTargetDependency section */

/* Begin XCBuildConfiguration section */
		A904E2792F03DB1000B44DBB /* Debug */ = {
			isa = XCBuildConfiguration;
			buildSettings = {
				ALWAYS_SEARCH_USER_PATHS = NO;
				ASSETCATALOG_COMPILER_GENERATE_SWIFT_ASSET_SYMBOL_EXTENSIONS = YES;
				CLANG_ANALYZER_NONNULL = YES;
				CLANG_ANALYZER_NUMBER_OBJECT_CONVERSION = YES_AGGRESSIVE;
				CLANG_CXX_LANGUAGE_STANDARD = "gnu++20";
				CLANG_ENABLE_MODULES = YES;
				CLANG_ENABLE_OBJC_ARC = YES;
				CLANG_ENABLE_OBJC_WEAK = YES;
				CLANG_WARN_BLOCK_CAPTURE_AUTORELEASING = YES;
				CLANG_WARN_BOOL_CONVERSION = YES;
				CLANG_WARN_COMMA = YES;
				CLANG_WARN_CONSTANT_CONVERSION = YES;
				CLANG_WARN_DEPRECATED_OBJC_IMPLEMENTATIONS = YES;
				CLANG_WARN_DIRECT_OBJC_ISA_USAGE = YES_ERROR;
				CLANG_WARN_DOCUMENTATION_COMMENTS = YES;
				CLANG_WARN_EMPTY_BODY = YES;
				CLANG_WARN_ENUM_CONVERSION = YES;
				CLANG_WARN_INFINITE_RECURSION = YES;
				CLANG_WARN_INT_CONVERSION = YES;
				CLANG_WARN_NON_LITERAL_NULL_CONVERSION = YES;
				CLANG_WARN_OBJC_IMPLICIT_RETAIN_SELF = YES;
				CLANG_WARN_OBJC_LITERAL_CONVERSION = YES;
				CLANG_WARN_OBJC_ROOT_CLASS = YES_ERROR;
				CLANG_WARN_QUOTED_INCLUDE_IN_FRAMEWORK_HEADER = YES;
				CLANG_WARN_RANGE_LOOP_ANALYSIS = YES;
				CLANG_WARN_STRICT_PROTOTYPES = YES;
				CLANG_WARN_SUSPICIOUS_MOVE = YES;
				CLANG_WARN_UNGUARDED_AVAILABILITY = YES_AGGRESSIVE;
				CLANG_WARN_UNREACHABLE_CODE = YES;
				CLANG_WARN__DUPLICATE_METHOD_MATCH = YES;
				COPY_PHASE_STRIP = NO;
				DEAD_CODE_STRIPPING = YES;
				DEBUG_INFORMATION_FORMAT = dwarf;
				DEVELOPMENT_TEAM = 88M456LPCD;
				ENABLE_STRICT_OBJC_MSGSEND = YES;
				ENABLE_TESTABILITY = YES;
				ENABLE_USER_SCRIPT_SANDBOXING = YES;
				GCC_C_LANGUAGE_STANDARD = gnu17;
				GCC_DYNAMIC_NO_PIC = NO;
				GCC_NO_COMMON_BLOCKS = YES;
				GCC_OPTIMIZATION_LEVEL = 0;
				GCC_PREPROCESSOR_DEFINITIONS = (
					"DEBUG=1",
					"$(inherited)",
				);
				GCC_WARN_64_TO_32_BIT_CONVERSION = YES;
				GCC_WARN_ABOUT_RETURN_TYPE = YES_ERROR;
				GCC_WARN_UNDECLARED_SELECTOR = YES;
				GCC_WARN_UNINITIALIZED_AUTOS = YES_AGGRESSIVE;
				GCC_WARN_UNUSED_FUNCTION = YES;
				GCC_WARN_UNUSED_VARIABLE = YES;
				LOCALIZATION_PREFERS_STRING_CATALOGS = YES;
				MTL_ENABLE_DEBUG_INFO = INCLUDE_SOURCE;
				MTL_FAST_MATH = YES;
				ONLY_ACTIVE_ARCH = YES;
				STRING_CATALOG_GENERATE_SYMBOLS = YES;
				SWIFT_ACTIVE_COMPILATION_CONDITIONS = "DEBUG $(inherited)";
				SWIFT_OPTIMIZATION_LEVEL = "-Onone";
			};
			name = Debug;
		};
		A904E27A2F03DB1000B44DBB /* Release */ = {
			isa = XCBuildConfiguration;
			buildSettings = {
				ALWAYS_SEARCH_USER_PATHS = NO;
				ASSETCATALOG_COMPILER_GENERATE_SWIFT_ASSET_SYMBOL_EXTENSIONS = YES;
				CLANG_ANALYZER_NONNULL = YES;
				CLANG_ANALYZER_NUMBER_OBJECT_CONVERSION = YES_AGGRESSIVE;
				CLANG_CXX_LANGUAGE_STANDARD = "gnu++20";
				CLANG_ENABLE_MODULES = YES;
				CLANG_ENABLE_OBJC_ARC = YES;
				CLANG_ENABLE_OBJC_WEAK = YES;
				CLANG_WARN_BLOCK_CAPTURE_AUTORELEASING = YES;
				CLANG_WARN_BOOL_CONVERSION = YES;
				CLANG_WARN_COMMA = YES;
				CLANG_WARN_CONSTANT_CONVERSION = YES;
				CLANG_WARN_DEPRECATED_OBJC_IMPLEMENTATIONS = YES;
				CLANG_WARN_DIRECT_OBJC_ISA_USAGE = YES_ERROR;
				CLANG_WARN_DOCUMENTATION_COMMENTS = YES;
				CLANG_WARN_EMPTY_BODY = YES;
				CLANG_WARN_ENUM_CONVERSION = YES;
				CLANG_WARN_INFINITE_RECURSION = YES;
				CLANG_WARN_INT_CONVERSION = YES;
				CLANG_WARN_NON_LITERAL_NULL_CONVERSION = YES;
				CLANG_WARN_OBJC_IMPLICIT_RETAIN_SELF = YES;
				CLANG_WARN_OBJC_LITERAL_CONVERSION = YES;
				CLANG_WARN_OBJC_ROOT_CLASS = YES_ERROR;
				CLANG_WARN_QUOTED_INCLUDE_IN_FRAMEWORK_HEADER = YES;
				CLANG_WARN_RANGE_LOOP_ANALYSIS = YES;
				CLANG_WARN_STRICT_PROTOTYPES = YES;
				CLANG_WARN_SUSPICIOUS_MOVE = YES;
				CLANG_WARN_UNGUARDED_AVAILABILITY = YES_AGGRESSIVE;
				CLANG_WARN_UNREACHABLE_CODE = YES;
				CLANG_WARN__DUPLICATE_METHOD_MATCH = YES;
				COPY_PHASE_STRIP = NO;
				DEAD_CODE_STRIPPING = YES;
				DEBUG_INFORMATION_FORMAT = "dwarf-with-dsym";
				DEVELOPMENT_TEAM = 88M456LPCD;
				ENABLE_NS_ASSERTIONS = NO;
				ENABLE_STRICT_OBJC_MSGSEND = YES;
				ENABLE_USER_SCRIPT_SANDBOXING = YES;
				GCC_C_LANGUAGE_STANDARD = gnu17;
				GCC_NO_COMMON_BLOCKS = YES;
				GCC_WARN_64_TO_32_BIT_CONVERSION = YES;
				GCC_WARN_ABOUT_RETURN_TYPE = YES_ERROR;
				GCC_WARN_UNDECLARED_SELECTOR = YES;
				GCC_WARN_UNINITIALIZED_AUTOS = YES_AGGRESSIVE;
				GCC_WARN_UNUSED_FUNCTION = YES;
				GCC_WARN_UNUSED_VARIABLE = YES;
				LOCALIZATION_PREFERS_STRING_CATALOGS = YES;
				MTL_ENABLE_DEBUG_INFO = NO;
				MTL_FAST_MATH = YES;
				STRING_CATALOG_GENERATE_SYMBOLS = YES;
				SWIFT_COMPILATION_MODE = wholemodule;
			};
			name = Release;
		};
		A904E27C2F03DB1000B44DBB /* Debug */ = {
			isa = XCBuildConfiguration;
			buildSettings = {
				ASSETCATALOG_COMPILER_APPICON_NAME = AppIcon;
				ASSETCATALOG_COMPILER_GLOBAL_ACCENT_COLOR_NAME = AccentColor;
				CODE_SIGN_ENTITLEMENTS = optimize/optimize.entitlements;
				CODE_SIGN_STYLE = Automatic;
				CURRENT_PROJECT_VERSION = 1.1;
				DEAD_CODE_STRIPPING = YES;
				DEVELOPMENT_TEAM = 88M456LPCD;
				ENABLE_APP_SANDBOX = YES;
				ENABLE_HARDENED_RUNTIME = YES;
				ENABLE_PREVIEWS = YES;
				ENABLE_USER_SELECTED_FILES = readwrite;
				GENERATE_INFOPLIST_FILE = YES;
				INFOPLIST_FILE = optimize/Info.plist;
				"INFOPLIST_KEY_UIApplicationSceneManifest_Generation[sdk=iphoneos*]" = YES;
				"INFOPLIST_KEY_UIApplicationSceneManifest_Generation[sdk=iphonesimulator*]" = YES;
				"INFOPLIST_KEY_UIApplicationSupportsIndirectInputEvents[sdk=iphoneos*]" = YES;
				"INFOPLIST_KEY_UIApplicationSupportsIndirectInputEvents[sdk=iphonesimulator*]" = YES;
				"INFOPLIST_KEY_UILaunchScreen_Generation[sdk=iphoneos*]" = YES;
				"INFOPLIST_KEY_UILaunchScreen_Generation[sdk=iphonesimulator*]" = YES;
				"INFOPLIST_KEY_UIStatusBarStyle[sdk=iphoneos*]" = UIStatusBarStyleDefault;
				"INFOPLIST_KEY_UIStatusBarStyle[sdk=iphonesimulator*]" = UIStatusBarStyleDefault;
				INFOPLIST_KEY_UISupportedInterfaceOrientations = UIInterfaceOrientationPortrait;
				INFOPLIST_KEY_UISupportedInterfaceOrientations_iPad = "UIInterfaceOrientationLandscapeLeft UIInterfaceOrientationLandscapeRight UIInterfaceOrientationPortrait UIInterfaceOrientationPortraitUpsideDown";
				IPHONEOS_DEPLOYMENT_TARGET = 18.4;
				LD_RUNPATH_SEARCH_PATHS = "@executable_path/Frameworks";
				"LD_RUNPATH_SEARCH_PATHS[sdk=macosx*]" = "@executable_path/../Frameworks";
				MACOSX_DEPLOYMENT_TARGET = 15.4;
				MARKETING_VERSION = 1.1;
				PRODUCT_BUNDLE_IDENTIFIER = optimized;
				PRODUCT_NAME = "$(TARGET_NAME)";
				REGISTER_APP_GROUPS = YES;
				SDKROOT = auto;
				SUPPORTED_PLATFORMS = "iphoneos iphonesimulator";
				SUPPORTS_MACCATALYST = NO;
				SWIFT_EMIT_LOC_STRINGS = YES;
				SWIFT_VERSION = 5.0;
				TARGETED_DEVICE_FAMILY = "1,2";
				XROS_DEPLOYMENT_TARGET = 2.4;
			};
			name = Debug;
		};
		A904E27D2F03DB1000B44DBB /* Release */ = {
			isa = XCBuildConfiguration;
			buildSettings = {
				ASSETCATALOG_COMPILER_APPICON_NAME = AppIcon;
				ASSETCATALOG_COMPILER_GLOBAL_ACCENT_COLOR_NAME = AccentColor;
				CODE_SIGN_ENTITLEMENTS = optimize/optimize.entitlements;
				CODE_SIGN_STYLE = Automatic;
				CURRENT_PROJECT_VERSION = 1.1;
				DEAD_CODE_STRIPPING = YES;
				DEVELOPMENT_TEAM = 88M456LPCD;
				ENABLE_APP_SANDBOX = YES;
				ENABLE_HARDENED_RUNTIME = YES;
				ENABLE_PREVIEWS = YES;
				ENABLE_USER_SELECTED_FILES = readwrite;
				GENERATE_INFOPLIST_FILE = YES;
				INFOPLIST_FILE = optimize/Info.plist;
				"INFOPLIST_KEY_UIApplicationSceneManifest_Generation[sdk=iphoneos*]" = YES;
				"INFOPLIST_KEY_UIApplicationSceneManifest_Generation[sdk=iphonesimulator*]" = YES;
				"INFOPLIST_KEY_UIApplicationSupportsIndirectInputEvents[sdk=iphoneos*]" = YES;
				"INFOPLIST_KEY_UIApplicationSupportsIndirectInputEvents[sdk=iphonesimulator*]" = YES;
				"INFOPLIST_KEY_UILaunchScreen_Generation[sdk=iphoneos*]" = YES;
				"INFOPLIST_KEY_UILaunchScreen_Generation[sdk=iphonesimulator*]" = YES;
				"INFOPLIST_KEY_UIStatusBarStyle[sdk=iphoneos*]" = UIStatusBarStyleDefault;
				"INFOPLIST_KEY_UIStatusBarStyle[sdk=iphonesimulator*]" = UIStatusBarStyleDefault;
				INFOPLIST_KEY_UISupportedInterfaceOrientations = UIInterfaceOrientationPortrait;
				INFOPLIST_KEY_UISupportedInterfaceOrientations_iPad = "UIInterfaceOrientationLandscapeLeft UIInterfaceOrientationLandscapeRight UIInterfaceOrientationPortrait UIInterfaceOrientationPortraitUpsideDown";
				IPHONEOS_DEPLOYMENT_TARGET = 18.4;
				LD_RUNPATH_SEARCH_PATHS = "@executable_path/Frameworks";
				"LD_RUNPATH_SEARCH_PATHS[sdk=macosx*]" = "@executable_path/../Frameworks";
				MACOSX_DEPLOYMENT_TARGET = 15.4;
				MARKETING_VERSION = 1.1;
				PRODUCT_BUNDLE_IDENTIFIER = optimized;
				PRODUCT_NAME = "$(TARGET_NAME)";
				REGISTER_APP_GROUPS = YES;
				SDKROOT = auto;
				SUPPORTED_PLATFORMS = "iphoneos iphonesimulator";
				SUPPORTS_MACCATALYST = NO;
				SWIFT_EMIT_LOC_STRINGS = YES;
				SWIFT_VERSION = 5.0;
				TARGETED_DEVICE_FAMILY = "1,2";
				XROS_DEPLOYMENT_TARGET = 2.4;
			};
			name = Release;
		};
		B008E0010000000000000100 /* Debug */ = {
			isa = XCBuildConfiguration;
			buildSettings = {
				ASSTCATALOG_COMPILER_GLOBAL_ACCENT_COLOR_NAME = AccentColor;
				ASSTCATALOG_COMPILER_WIDGET_BACKGROUND_COLOR_NAME = WidgetBackground;
				CODE_SIGN_ENTITLEMENTS = OptimizeWidget/OptimizeWidget.entitlements;
				CODE_SIGN_STYLE = Automatic;
				CURRENT_PROJECT_VERSION = 1.1;
				DEAD_CODE_STRIPPING = YES;
				DEVELOPMENT_TEAM = 88M456LPCD;
				GENERATE_INFOPLIST_FILE = YES;
				INFOPLIST_FILE = OptimizeWidget/Info.plist;
				INFOPLIST_KEY_CFBundleDisplayName = "Optimize Widget";
				INFOPLIST_KEY_NSHumanReadableCopyright = "";
				IPHONEOS_DEPLOYMENT_TARGET = 18.4;
				LD_RUNPATH_SEARCH_PATHS = (
					"$(inherited)",
					"@executable_path/Frameworks",
					"@executable_path/../../Frameworks",
				);
				MARKETING_VERSION = 1.1;
				PRODUCT_BUNDLE_IDENTIFIER = optimized.OptimizeWidget;
				PRODUCT_NAME = "$(TARGET_NAME)";
				SDKROOT = iphoneos;
				SKIP_INSTALL = YES;
				SUPPORTED_PLATFORMS = "iphoneos iphonesimulator";
				SUPPORTS_MACCATALYST = NO;
				SWIFT_EMIT_LOC_STRINGS = YES;
				SWIFT_VERSION = 5.0;
				TARGETED_DEVICE_FAMILY = "1,2";
			};
			name = Debug;
		};
		B008E0010000000000000200 /* Release */ = {
			isa = XCBuildConfiguration;
			buildSettings = {
				ASSTCATALOG_COMPILER_GLOBAL_ACCENT_COLOR_NAME = AccentColor;
				ASSTCATALOG_COMPILER_WIDGET_BACKGROUND_COLOR_NAME = WidgetBackground;
				CODE_SIGN_ENTITLEMENTS = OptimizeWidget/OptimizeWidget.entitlements;
				CODE_SIGN_STYLE = Automatic;
				CURRENT_PROJECT_VERSION = 1.1;
				DEAD_CODE_STRIPPING = YES;
				DEVELOPMENT_TEAM = 88M456LPCD;
				GENERATE_INFOPLIST_FILE = YES;
				INFOPLIST_FILE = OptimizeWidget/Info.plist;
				INFOPLIST_KEY_CFBundleDisplayName = "Optimize Widget";
				INFOPLIST_KEY_NSHumanReadableCopyright = "";
				IPHONEOS_DEPLOYMENT_TARGET = 18.4;
				LD_RUNPATH_SEARCH_PATHS = (
					"$(inherited)",
					"@executable_path/Frameworks",
					"@executable_path/../../Frameworks",
				);
				MARKETING_VERSION = 1.1;
				PRODUCT_BUNDLE_IDENTIFIER = optimized.OptimizeWidget;
				PRODUCT_NAME = "$(TARGET_NAME)";
				SDKROOT = iphoneos;
				SKIP_INSTALL = YES;
				SUPPORTED_PLATFORMS = "iphoneos iphonesimulator";
				SUPPORTS_MACCATALYST = NO;
				SWIFT_EMIT_LOC_STRINGS = YES;
				SWIFT_VERSION = 5.0;
				TARGETED_DEVICE_FAMILY = "1,2";
			};
			name = Release;
		};
/* End XCBuildConfiguration section */

/* Begin XCConfigurationList section */
		A904E26A2F03DB0F00B44DBB /* Build configuration list for PBXProject "optimize" */ = {
			isa = XCConfigurationList;
			buildConfigurations = (
				A904E2792F03DB1000B44DBB /* Debug */,
				A904E27A2F03DB1000B44DBB /* Release */,
			);
			defaultConfigurationIsVisible = 0;
			defaultConfigurationName = Release;
		};
		A904E27B2F03DB1000B44DBB /* Build configuration list for PBXNativeTarget "optimize" */ = {
			isa = XCConfigurationList;
			buildConfigurations = (
				A904E27C2F03DB1000B44DBB /* Debug */,
				A904E27D2F03DB1000B44DBB /* Release */,
			);
			defaultConfigurationIsVisible = 0;
			defaultConfigurationName = Release;
		};
		B008E0010000000000000300 /* Build configuration list for PBXNativeTarget "OptimizeWidgetExtension" */ = {
			isa = XCConfigurationList;
			buildConfigurations = (
				B008E0010000000000000100 /* Debug */,
				B008E0010000000000000200 /* Release */,
			);
			defaultConfigurationIsVisible = 0;
			defaultConfigurationName = Release;
		};
/* End XCConfigurationList section */
	};
	rootObject = A904E2672F03DB0F00B44DBB /* Project object */;
}
